// !$*UTF8*$!
{
	archiveVersion = 1;
	classes = {
	};
	objectVersion = 56;
	objects = {

/* Begin PBXBuildFile section */
		421BFE912A1E68410020F564 /* MessageView.swift in Sources */ = {isa = PBXBuildFile; fileRef = 421BFE902A1E68410020F564 /* MessageView.swift */; };
		421BFE932A1E68560020F564 /* ReplyButtonView.swift in Sources */ = {isa = PBXBuildFile; fileRef = 421BFE922A1E68560020F564 /* ReplyButtonView.swift */; };
		421BFE952A1E68690020F564 /* ReplyView.swift in Sources */ = {isa = PBXBuildFile; fileRef = 421BFE942A1E68690020F564 /* ReplyView.swift */; };
		421BFE972A1E68770020F564 /* APIResponse.swift in Sources */ = {isa = PBXBuildFile; fileRef = 421BFE962A1E68770020F564 /* APIResponse.swift */; };
		421BFE992A1E68850020F564 /* DataStore.swift in Sources */ = {isa = PBXBuildFile; fileRef = 421BFE982A1E68850020F564 /* DataStore.swift */; };
		426362492A1E59E700C1E75E /* TextShower Watch App.app in Embed Watch Content */ = {isa = PBXBuildFile; fileRef = 426362482A1E59E700C1E75E /* TextShower Watch App.app */; settings = {ATTRIBUTES = (RemoveHeadersOnCopy, ); }; };
		4263624E2A1E59E700C1E75E /* TextShowerApp.swift in Sources */ = {isa = PBXBuildFile; fileRef = 4263624D2A1E59E700C1E75E /* TextShowerApp.swift */; };
		426362502A1E59E700C1E75E /* ContentView.swift in Sources */ = {isa = PBXBuildFile; fileRef = 4263624F2A1E59E700C1E75E /* ContentView.swift */; };
		426362522A1E59E800C1E75E /* Assets.xcassets in Resources */ = {isa = PBXBuildFile; fileRef = 426362512A1E59E800C1E75E /* Assets.xcassets */; };
		426362552A1E59E800C1E75E /* Preview Assets.xcassets in Resources */ = {isa = PBXBuildFile; fileRef = 426362542A1E59E800C1E75E /* Preview Assets.xcassets */; };
/* End PBXBuildFile section */

/* Begin PBXContainerItemProxy section */
		4263624A2A1E59E700C1E75E /* PBXContainerItemProxy */ = {
			isa = PBXContainerItemProxy;
			containerPortal = 4263623C2A1E59E700C1E75E /* Project object */;
			proxyType = 1;
			remoteGlobalIDString = 426362472A1E59E700C1E75E;
			remoteInfo = "TextShower Watch App";
		};
/* End PBXContainerItemProxy section */

/* Begin PBXCopyFilesBuildPhase section */
		4263625B2A1E59E800C1E75E /* Embed Watch Content */ = {
			isa = PBXCopyFilesBuildPhase;
			buildActionMask = 2147483647;
			dstPath = "$(CONTENTS_FOLDER_PATH)/Watch";
			dstSubfolderSpec = 16;
			files = (
				426362492A1E59E700C1E75E /* TextShower Watch App.app in Embed Watch Content */,
			);
			name = "Embed Watch Content";
			runOnlyForDeploymentPostprocessing = 0;
		};
/* End PBXCopyFilesBuildPhase section */

/* Begin PBXFileReference section */
		421BFE902A1E68410020F564 /* MessageView.swift */ = {isa = PBXFileReference; lastKnownFileType = sourcecode.swift; path = MessageView.swift; sourceTree = "<group>"; };
		421BFE922A1E68560020F564 /* ReplyButtonView.swift */ = {isa = PBXFileReference; lastKnownFileType = sourcecode.swift; path = ReplyButtonView.swift; sourceTree = "<group>"; };
		421BFE942A1E68690020F564 /* ReplyView.swift */ = {isa = PBXFileReference; lastKnownFileType = sourcecode.swift; path = ReplyView.swift; sourceTree = "<group>"; };
		421BFE962A1E68770020F564 /* APIResponse.swift */ = {isa = PBXFileReference; lastKnownFileType = sourcecode.swift; path = APIResponse.swift; sourceTree = "<group>"; };
		421BFE982A1E68850020F564 /* DataStore.swift */ = {isa = PBXFileReference; lastKnownFileType = sourcecode.swift; path = DataStore.swift; sourceTree = "<group>"; };
		426362422A1E59E700C1E75E /* TextShower.app */ = {isa = PBXFileReference; explicitFileType = wrapper.application; includeInIndex = 0; path = TextShower.app; sourceTree = BUILT_PRODUCTS_DIR; };
		426362482A1E59E700C1E75E /* TextShower Watch App.app */ = {isa = PBXFileReference; explicitFileType = wrapper.application; includeInIndex = 0; path = "TextShower Watch App.app"; sourceTree = BUILT_PRODUCTS_DIR; };
		4263624D2A1E59E700C1E75E /* TextShowerApp.swift */ = {isa = PBXFileReference; lastKnownFileType = sourcecode.swift; path = TextShowerApp.swift; sourceTree = "<group>"; };
		4263624F2A1E59E700C1E75E /* ContentView.swift */ = {isa = PBXFileReference; lastKnownFileType = sourcecode.swift; path = ContentView.swift; sourceTree = "<group>"; };
		426362512A1E59E800C1E75E /* Assets.xcassets */ = {isa = PBXFileReference; lastKnownFileType = folder.assetcatalog; path = Assets.xcassets; sourceTree = "<group>"; };
		426362542A1E59E800C1E75E /* Preview Assets.xcassets */ = {isa = PBXFileReference; lastKnownFileType = folder.assetcatalog; path = "Preview Assets.xcassets"; sourceTree = "<group>"; };
/* End PBXFileReference section */

/* Begin PBXFrameworksBuildPhase section */
		426362452A1E59E700C1E75E /* Frameworks */ = {
			isa = PBXFrameworksBuildPhase;
			buildActionMask = 2147483647;
			files = (
			);
			runOnlyForDeploymentPostprocessing = 0;
		};
/* End PBXFrameworksBuildPhase section */

/* Begin PBXGroup section */
		4263623B2A1E59E700C1E75E = {
			isa = PBXGroup;
			children = (
				4263624C2A1E59E700C1E75E /* TextShower Watch App */,
				426362432A1E59E700C1E75E /* Products */,
			);
			sourceTree = "<group>";
		};
		426362432A1E59E700C1E75E /* Products */ = {
			isa = PBXGroup;
			children = (
				426362422A1E59E700C1E75E /* TextShower.app */,
				426362482A1E59E700C1E75E /* TextShower Watch App.app */,
			);
			name = Products;
			sourceTree = "<group>";
		};
		4263624C2A1E59E700C1E75E /* TextShower Watch App */ = {
			isa = PBXGroup;
			children = (
				421BFE902A1E68410020F564 /* MessageView.swift */,
				421BFE942A1E68690020F564 /* ReplyView.swift */,
				421BFE922A1E68560020F564 /* ReplyButtonView.swift */,
				4263624D2A1E59E700C1E75E /* TextShowerApp.swift */,
				421BFE962A1E68770020F564 /* APIResponse.swift */,
				421BFE982A1E68850020F564 /* DataStore.swift */,
				4263624F2A1E59E700C1E75E /* ContentView.swift */,
				426362512A1E59E800C1E75E /* Assets.xcassets */,
				426362532A1E59E800C1E75E /* Preview Content */,
			);
			path = "TextShower Watch App";
			sourceTree = "<group>";
		};
		426362532A1E59E800C1E75E /* Preview Content */ = {
			isa = PBXGroup;
			children = (
				426362542A1E59E800C1E75E /* Preview Assets.xcassets */,
			);
			path = "Preview Content";
			sourceTree = "<group>";
		};
/* End PBXGroup section */

/* Begin PBXNativeTarget section */
		426362412A1E59E700C1E75E /* TextShower */ = {
			isa = PBXNativeTarget;
			buildConfigurationList = 4263625C2A1E59E800C1E75E /* Build configuration list for PBXNativeTarget "TextShower" */;
			buildPhases = (
				426362402A1E59E700C1E75E /* Resources */,
				4263625B2A1E59E800C1E75E /* Embed Watch Content */,
			);
			buildRules = (
			);
			dependencies = (
				4263624B2A1E59E700C1E75E /* PBXTargetDependency */,
			);
			name = TextShower;
			productName = TextShower;
			productReference = 426362422A1E59E700C1E75E /* TextShower.app */;
			productType = "com.apple.product-type.application.watchapp2-container";
		};
		426362472A1E59E700C1E75E /* TextShower Watch App */ = {
			isa = PBXNativeTarget;
			buildConfigurationList = 426362582A1E59E800C1E75E /* Build configuration list for PBXNativeTarget "TextShower Watch App" */;
			buildPhases = (
				426362442A1E59E700C1E75E /* Sources */,
				426362452A1E59E700C1E75E /* Frameworks */,
				426362462A1E59E700C1E75E /* Resources */,
			);
			buildRules = (
			);
			dependencies = (
			);
			name = "TextShower Watch App";
			productName = "TextShower Watch App";
			productReference = 426362482A1E59E700C1E75E /* TextShower Watch App.app */;
			productType = "com.apple.product-type.application";
		};
/* End PBXNativeTarget section */

/* Begin PBXProject section */
		4263623C2A1E59E700C1E75E /* Project object */ = {
			isa = PBXProject;
			attributes = {
				BuildIndependentTargetsInParallel = 1;
				LastSwiftUpdateCheck = 1430;
				LastUpgradeCheck = 1430;
				TargetAttributes = {
					426362412A1E59E700C1E75E = {
						CreatedOnToolsVersion = 14.3;
					};
					426362472A1E59E700C1E75E = {
						CreatedOnToolsVersion = 14.3;
					};
				};
			};
			buildConfigurationList = 4263623F2A1E59E700C1E75E /* Build configuration list for PBXProject "TextShower" */;
			compatibilityVersion = "Xcode 14.0";
			developmentRegion = en;
			hasScannedForEncodings = 0;
			knownRegions = (
				en,
				Base,
			);
			mainGroup = 4263623B2A1E59E700C1E75E;
			productRefGroup = 426362432A1E59E700C1E75E /* Products */;
			projectDirPath = "";
			projectRoot = "";
			targets = (
				426362412A1E59E700C1E75E /* TextShower */,
				426362472A1E59E700C1E75E /* TextShower Watch App */,
			);
		};
/* End PBXProject section */

/* Begin PBXResourcesBuildPhase section */
		426362402A1E59E700C1E75E /* Resources */ = {
			isa = PBXResourcesBuildPhase;
			buildActionMask = 2147483647;
			files = (
			);
			runOnlyForDeploymentPostprocessing = 0;
		};
		426362462A1E59E700C1E75E /* Resources */ = {
			isa = PBXResourcesBuildPhase;
			buildActionMask = 2147483647;
			files = (
				426362552A1E59E800C1E75E /* Preview Assets.xcassets in Resources */,
				426362522A1E59E800C1E75E /* Assets.xcassets in Resources */,
			);
			runOnlyForDeploymentPostprocessing = 0;
		};
/* End PBXResourcesBuildPhase section */

/* Begin PBXSourcesBuildPhase section */
		426362442A1E59E700C1E75E /* Sources */ = {
			isa = PBXSourcesBuildPhase;
			buildActionMask = 2147483647;
			files = (
				421BFE992A1E68850020F564 /* DataStore.swift in Sources */,
				421BFE912A1E68410020F564 /* MessageView.swift in Sources */,
				426362502A1E59E700C1E75E /* ContentView.swift in Sources */,
				4263624E2A1E59E700C1E75E /* TextShowerApp.swift in Sources */,
				421BFE932A1E68560020F564 /* ReplyButtonView.swift in Sources */,
				421BFE952A1E68690020F564 /* ReplyView.swift in Sources */,
				421BFE972A1E68770020F564 /* APIResponse.swift in Sources */,
			);
			runOnlyForDeploymentPostprocessing = 0;
		};
/* End PBXSourcesBuildPhase section */

/* Begin PBXTargetDependency section */
		4263624B2A1E59E700C1E75E /* PBXTargetDependency */ = {
			isa = PBXTargetDependency;
			target = 426362472A1E59E700C1E75E /* TextShower Watch App */;
			targetProxy = 4263624A2A1E59E700C1E75E /* PBXContainerItemProxy */;
		};
/* End PBXTargetDependency section */

/* Begin XCBuildConfiguration section */
		426362562A1E59E800C1E75E /* Debug */ = {
			isa = XCBuildConfiguration;
			buildSettings = {
				ALWAYS_SEARCH_USER_PATHS = NO;
				CLANG_ANALYZER_NONNULL = YES;
				CLANG_ANALYZER_NUMBER_OBJECT_CONVERSION = YES_AGGRESSIVE;
				CLANG_CXX_LANGUAGE_STANDARD = "gnu++20";
				CLANG_ENABLE_MODULES = YES;
				CLANG_ENABLE_OBJC_ARC = YES;
				CLANG_ENABLE_OBJC_WEAK = YES;
				CLANG_WARN_BLOCK_CAPTURE_AUTORELEASING = YES;
				CLANG_WARN_BOOL_CONVERSION = YES;
				CLANG_WARN_COMMA = YES;
				CLANG_WARN_CONSTANT_CONVERSION = YES;
				CLANG_WARN_DEPRECATED_OBJC_IMPLEMENTATIONS = YES;
				CLANG_WARN_DIRECT_OBJC_ISA_USAGE = YES_ERROR;
				CLANG_WARN_DOCUMENTATION_COMMENTS = YES;
				CLANG_WARN_EMPTY_BODY = YES;
				CLANG_WARN_ENUM_CONVERSION = YES;
				CLANG_WARN_INFINITE_RECURSION = YES;
				CLANG_WARN_INT_CONVERSION = YES;
				CLANG_WARN_NON_LITERAL_NULL_CONVERSION = YES;
				CLANG_WARN_OBJC_IMPLICIT_RETAIN_SELF = YES;
				CLANG_WARN_OBJC_LITERAL_CONVERSION = YES;
				CLANG_WARN_OBJC_ROOT_CLASS = YES_ERROR;
				CLANG_WARN_QUOTED_INCLUDE_IN_FRAMEWORK_HEADER = YES;
				CLANG_WARN_RANGE_LOOP_ANALYSIS = YES;
				CLANG_WARN_STRICT_PROTOTYPES = YES;
				CLANG_WARN_SUSPICIOUS_MOVE = YES;
				CLANG_WARN_UNGUARDED_AVAILABILITY = YES_AGGRESSIVE;
				CLANG_WARN_UNREACHABLE_CODE = YES;
				CLANG_WARN__DUPLICATE_METHOD_MATCH = YES;
				COPY_PHASE_STRIP = NO;
				DEBUG_INFORMATION_FORMAT = dwarf;
				ENABLE_STRICT_OBJC_MSGSEND = YES;
				ENABLE_TESTABILITY = YES;
				GCC_C_LANGUAGE_STANDARD = gnu11;
				GCC_DYNAMIC_NO_PIC = NO;
				GCC_NO_COMMON_BLOCKS = YES;
				GCC_OPTIMIZATION_LEVEL = 0;
				GCC_PREPROCESSOR_DEFINITIONS = (
					"DEBUG=1",
					"$(inherited)",
				);
				GCC_WARN_64_TO_32_BIT_CONVERSION = YES;
				GCC_WARN_ABOUT_RETURN_TYPE = YES_ERROR;
				GCC_WARN_UNDECLARED_SELECTOR = YES;
				GCC_WARN_UNINITIALIZED_AUTOS = YES_AGGRESSIVE;
				GCC_WARN_UNUSED_FUNCTION = YES;
				GCC_WARN_UNUSED_VARIABLE = YES;
				MTL_ENABLE_DEBUG_INFO = INCLUDE_SOURCE;
				MTL_FAST_MATH = YES;
				ONLY_ACTIVE_ARCH = YES;
				SWIFT_ACTIVE_COMPILATION_CONDITIONS = DEBUG;
				SWIFT_OPTIMIZATION_LEVEL = "-Onone";
			};
			name = Debug;
		};
		426362572A1E59E800C1E75E /* Release */ = {
			isa = XCBuildConfiguration;
			buildSettings = {
				ALWAYS_SEARCH_USER_PATHS = NO;
				CLANG_ANALYZER_NONNULL = YES;
				CLANG_ANALYZER_NUMBER_OBJECT_CONVERSION = YES_AGGRESSIVE;
				CLANG_CXX_LANGUAGE_STANDARD = "gnu++20";
				CLANG_ENABLE_MODULES = YES;
				CLANG_ENABLE_OBJC_ARC = YES;
				CLANG_ENABLE_OBJC_WEAK = YES;
				CLANG_WARN_BLOCK_CAPTURE_AUTORELEASING = YES;
				CLANG_WARN_BOOL_CONVERSION = YES;
				CLANG_WARN_COMMA = YES;
				CLANG_WARN_CONSTANT_CONVERSION = YES;
				CLANG_WARN_DEPRECATED_OBJC_IMPLEMENTATIONS = YES;
				CLANG_WARN_DIRECT_OBJC_ISA_USAGE = YES_ERROR;
				CLANG_WARN_DOCUMENTATION_COMMENTS = YES;
				CLANG_WARN_EMPTY_BODY = YES;
				CLANG_WARN_ENUM_CONVERSION = YES;
				CLANG_WARN_INFINITE_RECURSION = YES;
				CLANG_WARN_INT_CONVERSION = YES;
				CLANG_WARN_NON_LITERAL_NULL_CONVERSION = YES;
				CLANG_WARN_OBJC_IMPLICIT_RETAIN_SELF = YES;
				CLANG_WARN_OBJC_LITERAL_CONVERSION = YES;
				CLANG_WARN_OBJC_ROOT_CLASS = YES_ERROR;
				CLANG_WARN_QUOTED_INCLUDE_IN_FRAMEWORK_HEADER = YES;
				CLANG_WARN_RANGE_LOOP_ANALYSIS = YES;
				CLANG_WARN_STRICT_PROTOTYPES = YES;
				CLANG_WARN_SUSPICIOUS_MOVE = YES;
				CLANG_WARN_UNGUARDED_AVAILABILITY = YES_AGGRESSIVE;
				CLANG_WARN_UNREACHABLE_CODE = YES;
				CLANG_WARN__DUPLICATE_METHOD_MATCH = YES;
				COPY_PHASE_STRIP = NO;
				DEBUG_INFORMATION_FORMAT = "dwarf-with-dsym";
				ENABLE_NS_ASSERTIONS = NO;
				ENABLE_STRICT_OBJC_MSGSEND = YES;
				GCC_C_LANGUAGE_STANDARD = gnu11;
				GCC_NO_COMMON_BLOCKS = YES;
				GCC_WARN_64_TO_32_BIT_CONVERSION = YES;
				GCC_WARN_ABOUT_RETURN_TYPE = YES_ERROR;
				GCC_WARN_UNDECLARED_SELECTOR = YES;
				GCC_WARN_UNINITIALIZED_AUTOS = YES_AGGRESSIVE;
				GCC_WARN_UNUSED_FUNCTION = YES;
				GCC_WARN_UNUSED_VARIABLE = YES;
				MTL_ENABLE_DEBUG_INFO = NO;
				MTL_FAST_MATH = YES;
				SWIFT_COMPILATION_MODE = wholemodule;
				SWIFT_OPTIMIZATION_LEVEL = "-O";
			};
			name = Release;
		};
		426362592A1E59E800C1E75E /* Debug */ = {
			isa = XCBuildConfiguration;
			buildSettings = {
				ASSETCATALOG_COMPILER_APPICON_NAME = AppIcon;
				ASSETCATALOG_COMPILER_GLOBAL_ACCENT_COLOR_NAME = AccentColor;
				CODE_SIGN_STYLE = Automatic;
				CURRENT_PROJECT_VERSION = 1;
				DEVELOPMENT_ASSET_PATHS = "\"TextShower Watch App/Preview Content\"";
				ENABLE_PREVIEWS = YES;
				GENERATE_INFOPLIST_FILE = YES;
				INFOPLIST_KEY_CFBundleDisplayName = TextShower;
				INFOPLIST_KEY_UISupportedInterfaceOrientations = "UIInterfaceOrientationPortrait UIInterfaceOrientationPortraitUpsideDown";
				INFOPLIST_KEY_WKWatchOnly = YES;
				LD_RUNPATH_SEARCH_PATHS = (
					"$(inherited)",
					"@executable_path/Frameworks",
				);
				MARKETING_VERSION = 1.0;
				PRODUCT_BUNDLE_IDENTIFIER = com.galpodlipnik.TextShower.watchkitapp;
				PRODUCT_NAME = "$(TARGET_NAME)";
				SDKROOT = watchos;
				SKIP_INSTALL = YES;
				SWIFT_EMIT_LOC_STRINGS = YES;
				SWIFT_VERSION = 5.0;
				TARGETED_DEVICE_FAMILY = 4;
				WATCHOS_DEPLOYMENT_TARGET = 9.4;
			};
			name = Debug;
		};
		4263625A2A1E59E800C1E75E /* Release */ = {
			isa = XCBuildConfiguration;
			buildSettings = {
				ASSETCATALOG_COMPILER_APPICON_NAME = AppIcon;
				ASSETCATALOG_COMPILER_GLOBAL_ACCENT_COLOR_NAME = AccentColor;
				CODE_SIGN_STYLE = Automatic;
				CURRENT_PROJECT_VERSION = 1;
				DEVELOPMENT_ASSET_PATHS = "\"TextShower Watch App/Preview Content\"";
				ENABLE_PREVIEWS = YES;
				GENERATE_INFOPLIST_FILE = YES;
				INFOPLIST_KEY_CFBundleDisplayName = TextShower;
				INFOPLIST_KEY_UISupportedInterfaceOrientations = "UIInterfaceOrientationPortrait UIInterfaceOrientationPortraitUpsideDown";
				INFOPLIST_KEY_WKWatchOnly = YES;
				LD_RUNPATH_SEARCH_PATHS = (
					"$(inherited)",
					"@executable_path/Frameworks",
				);
				MARKETING_VERSION = 1.0;
				PRODUCT_BUNDLE_IDENTIFIER = com.galpodlipnik.TextShower.watchkitapp;
				PRODUCT_NAME = "$(TARGET_NAME)";
				SDKROOT = watchos;
				SKIP_INSTALL = YES;
				SWIFT_EMIT_LOC_STRINGS = YES;
				SWIFT_VERSION = 5.0;
				TARGETED_DEVICE_FAMILY = 4;
				VALIDATE_PRODUCT = YES;
				WATCHOS_DEPLOYMENT_TARGET = 9.4;
			};
			name = Release;
		};
		4263625D2A1E59E800C1E75E /* Debug */ = {
			isa = XCBuildConfiguration;
			buildSettings = {
				ALWAYS_EMBED_SWIFT_STANDARD_LIBRARIES = YES;
				CODE_SIGN_STYLE = Automatic;
				CURRENT_PROJECT_VERSION = 1;
				INFOPLIST_KEY_CFBundleDisplayName = TextShower;
				MARKETING_VERSION = 1.0;
				PRODUCT_BUNDLE_IDENTIFIER = com.galpodlipnik.TextShower;
				PRODUCT_NAME = "$(TARGET_NAME)";
				SDKROOT = iphoneos;
				SWIFT_VERSION = 5.0;
			};
			name = Debug;
		};
		4263625E2A1E59E800C1E75E /* Release */ = {
			isa = XCBuildConfiguration;
			buildSettings = {
				ALWAYS_EMBED_SWIFT_STANDARD_LIBRARIES = YES;
				CODE_SIGN_STYLE = Automatic;
				CURRENT_PROJECT_VERSION = 1;
				INFOPLIST_KEY_CFBundleDisplayName = TextShower;
				MARKETING_VERSION = 1.0;
				PRODUCT_BUNDLE_IDENTIFIER = com.galpodlipnik.TextShower;
				PRODUCT_NAME = "$(TARGET_NAME)";
				SDKROOT = iphoneos;
				SWIFT_VERSION = 5.0;
				VALIDATE_PRODUCT = YES;
			};
			name = Release;
		};
/* End XCBuildConfiguration section */

/* Begin XCConfigurationList section */
		4263623F2A1E59E700C1E75E /* Build configuration list for PBXProject "TextShower" */ = {
			isa = XCConfigurationList;
			buildConfigurations = (
				426362562A1E59E800C1E75E /* Debug */,
				426362572A1E59E800C1E75E /* Release */,
			);
			defaultConfigurationIsVisible = 0;
			defaultConfigurationName = Release;
		};
		426362582A1E59E800C1E75E /* Build configuration list for PBXNativeTarget "TextShower Watch App" */ = {
			isa = XCConfigurationList;
			buildConfigurations = (
				426362592A1E59E800C1E75E /* Debug */,
				4263625A2A1E59E800C1E75E /* Release */,
			);
			defaultConfigurationIsVisible = 0;
			defaultConfigurationName = Release;
		};
		4263625C2A1E59E800C1E75E /* Build configuration list for PBXNativeTarget "TextShower" */ = {
			isa = XCConfigurationList;
			buildConfigurations = (
				4263625D2A1E59E800C1E75E /* Debug */,
				4263625E2A1E59E800C1E75E /* Release */,
			);
			defaultConfigurationIsVisible = 0;
			defaultConfigurationName = Release;
		};
/* End XCConfigurationList section */
	};
	rootObject = 4263623C2A1E59E700C1E75E /* Project object */;
}
